
Microsoft Visual Studio Solution File, Format Version 12.00
# Visual Studio 15
VisualStudioVersion = 15.0.27004.2002
MinimumVisualStudioVersion = 10.0.40219.1
Project("{9A19103F-16F7-4668-BE54-9A1E7A4F7556}") = "ContactService", "ContactService\ContactService.csproj", "{AED23CCB-A508-4080-8484-9FC23713A672}"
EndProject
Global
	GlobalSection(SolutionConfigurationPlatforms) = preSolution
		Debug|Any CPU = Debug|Any CPU
		Release|Any CPU = Release|Any CPU
	EndGlobalSection
	GlobalSection(ProjectConfigurationPlatforms) = postSolution
		{AED23CCB-A508-4080-8484-9FC23713A672}.Debug|Any CPU.ActiveCfg = Debug|Any CPU
		{AED23CCB-A508-4080-8484-9FC23713A672}.Debug|Any CPU.Build.0 = Debug|Any CPU
		{AED23CCB-A508-4080-8484-9FC23713A672}.Release|Any CPU.ActiveCfg = Release|Any CPU
		{AED23CCB-A508-4080-8484-9FC23713A672}.Release|Any CPU.Build.0 = Release|Any CPU
	EndGlobalSection
	GlobalSection(SolutionProperties) = preSolution
		HideSolutionNode = FALSE
	EndGlobalSection
	GlobalSection(ExtensibilityGlobals) = postSolution
		SolutionGuid = {66F52142-47A8-498D-A373-1DF9AA7BB54E}
	EndGlobalSection
EndGlobal
